{
  "version": 2,
  "dependencies": {
    "net10.0": {
      "bunit": {
        "type": "Direct",
        "requested": "[2.10.3, )",
        "resolved": "2.10.3",
        "contentHash": "5PF4ATzf/o9T/8nNe1dkGRg24zFRweWLPegZeNOjsKgLzOTX88tzK7xc6ZopUgVTB0JVUxlog7E/g8VVzzZCKw==",
        "dependencies": {
          "AngleSharp": "1.8.0",
          "AngleSharp.Css": "1.1.0",
          "AngleSharp.Diffing": "1.1.1",
          "Microsoft.AspNetCore.Components": "10.0.10",
          "Microsoft.AspNetCore.Components.Authorization": "10.0.10",
          "Microsoft.AspNetCore.Components.Web": "10.0.10",
          "Microsoft.AspNetCore.Components.WebAssembly": "10.0.10",
          "Microsoft.AspNetCore.Components.WebAssembly.Authentication": "10.0.10",
          "Microsoft.Extensions.Caching.Memory": "10.0.10",
          "Microsoft.Extensions.Localization.Abstractions": "10.0.10",
          "Microsoft.Extensions.Logging": "10.0.10",
          "Microsoft.Extensions.Logging.Abstractions": "10.0.10"
        }
      },
      "Microsoft.CodeAnalysis.PublicApiAnalyzers": {
        "type": "Direct",
        "requested": "[5.6.0, )",
        "resolved": "5.6.0",
        "contentHash": "W4kJGezNIKLzo0Ak5FAQDFvkMf2U7DtGL4THmHyRSApfKsKt5V+eX/bU0ZLKAt/uf9Bb2o1bi0YDKj/GRB/vYQ=="
      },
      "Microsoft.SourceLink.GitHub": {
        "type": "Direct",
        "requested": "[10.0.401, )",
        "resolved": "10.0.401",
        "contentHash": "LGmlwgP1Cx37JEWzyjS0o1/+xs/s/e3E2TBSuogI5ePA/9L0pfIfeYX0k5in7Bfcw8Nn2y2sG9jXxydTjiR2Fg==",
        "dependencies": {
          "Microsoft.Build.Tasks.Git": "10.0.401",
          "Microsoft.SourceLink.Common": "10.0.401",
          "System.IO.Hashing": "10.0.12"
        }
      },
      "MinVer": {
        "type": "Direct",
        "requested": "[8.0.0, )",
        "resolved": "8.0.0",
        "contentHash": "AJy/KVjXgUbgjf6HiI8wAk4DSSq0SCmvXQF8aU6IB+pnIQq+YJvofvMczug2hqO8yEvnQY557ryew66KPpyCsA=="
      },
      "TUnit": {
        "type": "Direct",
        "requested": "[1.67.0, )",
        "resolved": "1.67.0",
        "contentHash": "oiEumprzW+JrMky74vBSEaYpwTW6Sds+oWChdSUQDy77NMbAQN0TpsWSnxhL8kdRBPM7+JYwgnGZUHFh9+vHCw==",
        "dependencies": {
          "Microsoft.Testing.Extensions.CodeCoverage": "18.10.0",
          "Microsoft.Testing.Extensions.Telemetry": "2.4.0",
          "Microsoft.Testing.Extensions.TrxReport": "2.3.3",
          "TUnit.Assertions": "1.67.0",
          "TUnit.Engine": "1.67.0"
        }
      },
      "TUnit.Mocks": {
        "type": "Direct",
        "requested": "[1.67.0, )",
        "resolved": "1.67.0",
        "contentHash": "Rkkifr9qgjv0+sx02Rw2M/Guv/q+d/nXSBrTtASQo4p+wWFys1ZsZzODpMyl3m5RtbE/d0nHmFx2emR2xnAqag==",
        "dependencies": {
          "TUnit.Core": "1.67.0"
        }
      },
      "AngleSharp": {
        "type": "Transitive",
        "resolved": "1.8.0",
        "contentHash": "vRW/0M11Jlfd7WkT5Kr0tXXmnWNVdxyII2S2b6AsgZCJEBGaXCUnti6nKIJTvAjmnmKcQbvn+SJ3lpt8dqoLIA=="
      },
      "AngleSharp.Css": {
        "type": "Transitive",
        "resolved": "1.1.0",
        "contentHash": "ZnqL8SGy3rXjnJsoKY4kJ6hq4XPLFh0qtq76YAlEBx3qG/bwBnAwf6i+TzexIrLNjBsHLBVbogsl7OQie7FanQ==",
        "dependencies": {
          "AngleSharp": "[1.5.0, 2.0.0)"
        }
      },
      "AngleSharp.Diffing": {
        "type": "Transitive",
        "resolved": "1.1.1",
        "contentHash": "Uzz5895TpRyMA4t8GExmq4TxXqi3+bZTgb3kJgH+tdwrSuo9CO6Dlmv+Oqyhb2pNRfbnReLUzhlHAuT7c+3jSg==",
        "dependencies": {
          "AngleSharp": "1.1.2",
          "AngleSharp.Css": "1.0.0-beta.144"
        }
      },
      "Microsoft.ApplicationInsights": {
        "type": "Transitive",
        "resolved": "2.23.0",
        "contentHash": "nWArUZTdU7iqZLycLKWe0TDms48KKGE6pONH2terYNa8REXiqixrMOkf1sk5DHGMaUTqONU2YkS4SAXBhLStgw=="
      },
      "Microsoft.AspNetCore.Authorization": {
        "type": "Transitive",
        "resolved": "10.0.10",
        "contentHash": "FxWC2bc788/51CiSiMkKW5gQyqrSSs1991BhphS6ZARMGii+3Qr355Q9OSB/nBpdHVjIopfegAhreZ6UPpO9WA==",
        "dependencies": {
          "Microsoft.AspNetCore.Metadata": "10.0.10",
          "Microsoft.Extensions.Diagnostics": "10.0.10",
          "Microsoft.Extensions.Logging.Abstractions": "10.0.10",
          "Microsoft.Extensions.Options": "10.0.10"
        }
      },
      "Microsoft.AspNetCore.Components": {
        "type": "Transitive",
        "resolved": "10.0.10",
        "contentHash": "wlCBFU9YxqhUc2kVbl/FCGNFSbRjS312WVk9YRVjs/OcZ+Yqa9QsD7z+UcBzNNAbcPpEM98f/PaaD6lHt5rmIg==",
        "dependencies": {
          "Microsoft.AspNetCore.Authorization": "10.0.10",
          "Microsoft.AspNetCore.Components.Analyzers": "10.0.10"
        }
      },
      "Microsoft.AspNetCore.Components.Analyzers": {
        "type": "Transitive",
        "resolved": "10.0.10",
        "contentHash": "ZBJobkEDv6yWftw3ycZMkuV9YpvJOBmjWpg2UbQ0Ol4THObhKai0PNl/SGFBmpw03JKCPA63RgplQOA1LQbRDg=="
      },
      "Microsoft.AspNetCore.Components.Authorization": {
        "type": "Transitive",
        "resolved": "10.0.10",
        "contentHash": "em2xVQkvtn3BHFT3J9pp4K3yDgPnp0S5a+gcGxb6xkjqy+81yDa8XEEaQnkruCVRusFMltORFFmnlrnHa/A90w==",
        "dependencies": {
          "Microsoft.AspNetCore.Authorization": "10.0.10",
          "Microsoft.AspNetCore.Components": "10.0.10"
        }
      },
      "Microsoft.AspNetCore.Components.Forms": {
        "type": "Transitive",
        "resolved": "10.0.10",
        "contentHash": "09cKk0/t83Y5DN5ne4J9Y+OiLJEQ+XBFGIoD0UXAnae8yQEkFa/OYbX0bBGkx0k5r5ndta/CMdlMk3lCG81R0g==",
        "dependencies": {
          "Microsoft.AspNetCore.Components": "10.0.10",
          "Microsoft.Extensions.Validation": "10.0.10"
        }
      },
      "Microsoft.AspNetCore.Components.Web": {
        "type": "Transitive",
        "resolved": "10.0.10",
        "contentHash": "8+cyStKhSy94Q2L/2zmgk0H1f+GKvBGEvTImT0qdsCqeNbT7ilGDKTIJ1PiugsPtSNLuUEABUqMpA3rE1yAKFg==",
        "dependencies": {
          "Microsoft.AspNetCore.Components": "10.0.10",
          "Microsoft.AspNetCore.Components.Forms": "10.0.10",
          "Microsoft.Extensions.DependencyInjection": "10.0.10",
          "Microsoft.Extensions.Primitives": "10.0.10",
          "Microsoft.JSInterop": "10.0.10"
        }
      },
      "Microsoft.AspNetCore.Components.WebAssembly": {
        "type": "Transitive",
        "resolved": "10.0.10",
        "contentHash": "0Zib7U6HmGw4Noj/+yJz1YuEJwo3XOV0iLezXDLFsrHTaC8L+KUOR/1+1tX7AAeipDG6jP3gPZOwpirk6G3LYQ==",
        "dependencies": {
          "Microsoft.AspNetCore.Components.Web": "10.0.10",
          "Microsoft.Extensions.Configuration.Binder": "10.0.10",
          "Microsoft.Extensions.Configuration.Json": "10.0.10",
          "Microsoft.Extensions.Logging": "10.0.10",
          "Microsoft.JSInterop.WebAssembly": "10.0.10"
        }
      },
      "Microsoft.AspNetCore.Components.WebAssembly.Authentication": {
        "type": "Transitive",
        "resolved": "10.0.10",
        "contentHash": "D2GIsqVJ2+tVDViJmbEF4tc+gxhdAl5xkBAMZHWCJV7Pt+oBkU2omBSRbgVTq3N2OgreVNSp7w+FrZNgu97d5A==",
        "dependencies": {
          "Microsoft.AspNetCore.Components.Authorization": "10.0.10",
          "Microsoft.AspNetCore.Components.Web": "10.0.10"
        }
      },
      "Microsoft.AspNetCore.Metadata": {
        "type": "Transitive",
        "resolved": "10.0.10",
        "contentHash": "nmZYV9OQ69r3EDOj0SW1JLgD4uFHfMNDKb8mk8Mf4y0Enw3AzkMD85zPuAk5FqmEz8PS0WagR/tJCwLg8xpI3Q=="
      },
      "Microsoft.Build.Tasks.Git": {
        "type": "Transitive",
        "resolved": "10.0.401",
        "contentHash": "ZYctNuT10V9IYyCFydy63DXx0ggZQuynuzQOdLvW62dPgzjIz7f0ISEP75RGiq1jFQh8p6TmGSqxeQZQ87LCig==",
        "dependencies": {
          "System.IO.Hashing": "10.0.12"
        }
      },
      "Microsoft.DiaSymReader": {
        "type": "Transitive",
        "resolved": "2.2.10",
        "contentHash": "zmGsm6b2y3STDa/Of7rdkkfTDV8VuGB8aCqIkLoJIQh5tL78K3zJ8OUyFKnfsaORXmGr9iOKwDkZfUjeXi+CwA=="
      },
      "Microsoft.Extensions.Caching.Abstractions": {
        "type": "Transitive",
        "resolved": "10.0.10",
        "contentHash": "4ZFBNE+jzR+CrWWlhOesnmywCW7pYKT0dxyAQRdL11yJwxe4jvcAu31eorFtEkoFeCDcUTeNssgPv2yaRRptaQ==",
        "dependencies": {
          "Microsoft.Extensions.Primitives": "10.0.10"
        }
      },
      "Microsoft.Extensions.Caching.Memory": {
        "type": "Transitive",
        "resolved": "10.0.10",
        "contentHash": "N1w5H7uK6gCTnCBZAWzE0/EQYSPysij/uYwDqntqBVvBa6bjMmBKitsnEFd6yh/SX3wLm67nO6+OnZ84K+gZWg==",
        "dependencies": {
          "Microsoft.Extensions.Caching.Abstractions": "10.0.10",
          "Microsoft.Extensions.DependencyInjection.Abstractions": "10.0.10",
          "Microsoft.Extensions.Logging.Abstractions": "10.0.10",
          "Microsoft.Extensions.Options": "10.0.10",
          "Microsoft.Extensions.Primitives": "10.0.10"
        }
      },
      "Microsoft.Extensions.Configuration": {
        "type": "Transitive",
        "resolved": "10.0.10",
        "contentHash": "plJWK2zpWuuyxI8F8s2scx6Je7N1Ajjs6HvYUGKwRnDMWIVIz9FHwAkiT7ASgrvAOd10T0FPVlh9BzAJJME+jg==",
        "dependencies": {
          "Microsoft.Extensions.Configuration.Abstractions": "10.0.10",
          "Microsoft.Extensions.Primitives": "10.0.10"
        }
      },
      "Microsoft.Extensions.Configuration.Abstractions": {
        "type": "Transitive",
        "resolved": "10.0.10",
        "contentHash": "5Vnd2I75DmZCVEjSynIdJ/0EGafgnLQwgR3t2C2/fkjx/nRG+cLwxLLdInoHeCEpkD5K4Ov/g9ZCRYrl4TRsaA==",
        "dependencies": {
          "Microsoft.Extensions.Primitives": "10.0.10"
        }
      },
      "Microsoft.Extensions.Configuration.Binder": {
        "type": "Transitive",
        "resolved": "10.0.10",
        "contentHash": "GqmN2o1CkJvk7uWp+p4CwBYW0w/zfoEbvsiFDbO2G8l1Uz+mrDAbAcZiXhU2lufKPby1cjAUdd5GTWpebYOkOA==",
        "dependencies": {
          "Microsoft.Extensions.Configuration": "10.0.10",
          "Microsoft.Extensions.Configuration.Abstractions": "10.0.10"
        }
      },
      "Microsoft.Extensions.Configuration.FileExtensions": {
        "type": "Transitive",
        "resolved": "10.0.10",
        "contentHash": "ZOhZYwvbXGTgGVRwswIirofEMVHuWdxjdh0JeUZXwaF9cgcjXdz/t0ELtgaevw7ezTyv47yPNCgGreWtLkn3IQ==",
        "dependencies": {
          "Microsoft.Extensions.Configuration": "10.0.10",
          "Microsoft.Extensions.Configuration.Abstractions": "10.0.10",
          "Microsoft.Extensions.FileProviders.Abstractions": "10.0.10",
          "Microsoft.Extensions.FileProviders.Physical": "10.0.10",
          "Microsoft.Extensions.Primitives": "10.0.10"
        }
      },
      "Microsoft.Extensions.Configuration.Json": {
        "type": "Transitive",
        "resolved": "10.0.10",
        "contentHash": "uvJ6sHwjgrkMEJOgiC76G0mcZGXerwyyWkwX34EOjCbxKG6TCtfAoqDKAMsCvEBf9HxjlGQEgqsSMOGCmGBf+A==",
        "dependencies": {
          "Microsoft.Extensions.Configuration": "10.0.10",
          "Microsoft.Extensions.Configuration.Abstractions": "10.0.10",
          "Microsoft.Extensions.Configuration.FileExtensions": "10.0.10",
          "Microsoft.Extensions.FileProviders.Abstractions": "10.0.10"
        }
      },
      "Microsoft.Extensions.DependencyInjection.Abstractions": {
        "type": "Transitive",
        "resolved": "10.0.12",
        "contentHash": "9/qymSh7hVDMGTGwrLz8MRp5zRyXy9adGDOs4HwRdnLil3oZGYuWeZjbmHgCQ9BL1qBroVfgUK3U/nb61617Cw=="
      },
      "Microsoft.Extensions.DependencyModel": {
        "type": "Transitive",
        "resolved": "10.0.10",
        "contentHash": "rfZA1RjR021RPqSmIPovfz2aOd79TGqJ9BengbjnzIISOVwjLmuSDnhCMmiY/1c6iYvGolQ1iNGzkav0u11XEA=="
      },
      "Microsoft.Extensions.Diagnostics": {
        "type": "Transitive",
        "resolved": "10.0.10",
        "contentHash": "Kr/e7lUf4+N8tacbqJ2Ctwe/HarKdAc9ZkgKVVqvtJDBKbez+T/KnUwu82KSlnBp/SrpBcxc7u7xkE2oUZT/5Q==",
        "dependencies": {
          "Microsoft.Extensions.Configuration": "10.0.10",
          "Microsoft.Extensions.Diagnostics.Abstractions": "10.0.10",
          "Microsoft.Extensions.Options.ConfigurationExtensions": "10.0.10"
        }
      },
      "Microsoft.Extensions.Diagnostics.Abstractions": {
        "type": "Transitive",
        "resolved": "10.0.10",
        "contentHash": "9uWiKpeOVac355STyChWR/pliFX/5CeLqChW9kKsaxyDH4EUTZxMkT4Jwp/J/peLm0GBFmSX5c0WCse3yCnq1Q==",
        "dependencies": {
          "Microsoft.Extensions.DependencyInjection.Abstractions": "10.0.10",
          "Microsoft.Extensions.Options": "10.0.10"
        }
      },
      "Microsoft.Extensions.FileProviders.Abstractions": {
        "type": "Transitive",
        "resolved": "10.0.10",
        "contentHash": "c5zqFCY9DiIpMovLd7/d/CTiEtrMOuQ639dhv3PABtKQIKNQikSHwQt8+N679uii9q+B55lgK28Uv64FOwEu8w==",
        "dependencies": {
          "Microsoft.Extensions.Primitives": "10.0.10"
        }
      },
      "Microsoft.Extensions.FileProviders.Physical": {
        "type": "Transitive",
        "resolved": "10.0.10",
        "contentHash": "jhJAyo38kSrH3ARvWUk0h8itogVnQu2DCZuPo+s0Z+tXes0ugTxMPaHYzap85785eHQmPFqD9TYERqBbtGxn/w==",
        "dependencies": {
          "Microsoft.Extensions.FileProviders.Abstractions": "10.0.10",
          "Microsoft.Extensions.FileSystemGlobbing": "10.0.10",
          "Microsoft.Extensions.Primitives": "10.0.10"
        }
      },
      "Microsoft.Extensions.FileSystemGlobbing": {
        "type": "Transitive",
        "resolved": "10.0.10",
        "contentHash": "jSOCVxEwCd4Aq925kJVz1kSO1EpX2OHYKL04qVREXkDU7Ce3pVDdHPYm+fEy8y/th2kJf/DAstRHpJAqoNWP8w=="
      },
      "Microsoft.Extensions.Localization.Abstractions": {
        "type": "Transitive",
        "resolved": "10.0.10",
        "contentHash": "j1DygDJR1wP3LG3d7a1rTFPUZcPfhMggcmDEGKhK2iLK0TuAIaW9bHiq1f9k650gdsXsANTm71hEg/k9msNnAQ=="
      },
      "Microsoft.Extensions.Logging": {
        "type": "Transitive",
        "resolved": "10.0.10",
        "contentHash": "Tf6z5HsL0VDYRTfvsoNrTGHGheCwkTsZBA2FFh5ATJUbkAwug+FFNISJK2gjpUNemlAOoWllAK52HOWCjto3EQ==",
        "dependencies": {
          "Microsoft.Extensions.DependencyInjection": "10.0.10",
          "Microsoft.Extensions.Logging.Abstractions": "10.0.10",
          "Microsoft.Extensions.Options": "10.0.10"
        }
      },
      "Microsoft.Extensions.Options": {
        "type": "Transitive",
        "resolved": "10.0.10",
        "contentHash": "srnhnk7nE8krBiIXp71LvBmKBtraBONWSRzdjJgRv1Ko9Mp8IVNqv4vIS9hGeVteBig8aQkva9ZG+sC+o5sVcA==",
        "dependencies": {
          "Microsoft.Extensions.DependencyInjection.Abstractions": "10.0.10",
          "Microsoft.Extensions.Primitives": "10.0.10"
        }
      },
      "Microsoft.Extensions.Options.ConfigurationExtensions": {
        "type": "Transitive",
        "resolved": "10.0.10",
        "contentHash": "tnBmu/LwF25ZQK+HBNCu2xrwnkKoB/XEbJyooGGoYxHrhvxbSKi7eOFiJ4AXBy/QU4vtCvCJfoi8k9Ej72qzOQ==",
        "dependencies": {
          "Microsoft.Extensions.Configuration.Abstractions": "10.0.10",
          "Microsoft.Extensions.Configuration.Binder": "10.0.10",
          "Microsoft.Extensions.DependencyInjection.Abstractions": "10.0.10",
          "Microsoft.Extensions.Options": "10.0.10",
          "Microsoft.Extensions.Primitives": "10.0.10"
        }
      },
      "Microsoft.Extensions.Primitives": {
        "type": "Transitive",
        "resolved": "10.0.10",
        "contentHash": "5wu/GrYVd8mG2DVUw3vFJzF+O336TyTGg/Kmcgw9bfwYhCoFiV5lR5QeEmKecJyrW4W54nMfD3p3589E8a7czQ=="
      },
      "Microsoft.Extensions.Validation": {
        "type": "Transitive",
        "resolved": "10.0.10",
        "contentHash": "d77zBZk+Z4uo6hEuLvMY+yMjLkn2T/vX5c2sB0sdoSxQVZk7qvec6SuORp2/uZp7UchX4hNp+VJm4GsoSE0waA==",
        "dependencies": {
          "Microsoft.Extensions.DependencyInjection.Abstractions": "10.0.10",
          "Microsoft.Extensions.Options": "10.0.10"
        }
      },
      "Microsoft.JSInterop": {
        "type": "Transitive",
        "resolved": "10.0.10",
        "contentHash": "VivWvz1iFR3Ntf/e5/xci6o/MF2tcHiprNkhRlL+gMkBoDjQJCioiO+Gwp/DP8scuzqbp3b9C3wh+zuy4pD4AA=="
      },
      "Microsoft.JSInterop.WebAssembly": {
        "type": "Transitive",
        "resolved": "10.0.10",
        "contentHash": "FjPAGQWbCP85FWY2Wl9opHSsY+u9nZb8Ui6eTVHEMY/RJateOhW78jEtC4QOQ/6slkS1MKyIAF6ZHIrUR1fX/w==",
        "dependencies": {
          "Microsoft.JSInterop": "10.0.10"
        }
      },
      "Microsoft.SourceLink.Common": {
        "type": "Transitive",
        "resolved": "10.0.401",
        "contentHash": "u3rLxIwi/9MqDFaWGE/QQgLR1NBEzLOW2lv5+9OrZPDBYIAmFdYSWCWrR1ufpXWOqFn+x02TgKropl/oDuHmgA=="
      },
      "Microsoft.Testing.Extensions.CodeCoverage": {
        "type": "Transitive",
        "resolved": "18.10.0",
        "contentHash": "elUX4tKloHh2VCxagbmhV1039xBuE3lKXITtt/hUYU286hl+ja8poOUsF9OnevKoFKt7+p9vLb1LqqW7rFGi9Q==",
        "dependencies": {
          "Microsoft.DiaSymReader": "2.2.10",
          "Microsoft.Extensions.DependencyModel": "10.0.10",
          "Microsoft.Testing.Platform": "2.3.3"
        }
      },
      "Microsoft.Testing.Extensions.Telemetry": {
        "type": "Transitive",
        "resolved": "2.4.0",
        "contentHash": "JeP1RFqBa11fWmBk8xEfZcMKr4rxWSyI6OZ+659V069CaMkTEOQBW2UdSSeNz3absOsygcn7JJkzerC4LGnZ9w==",
        "dependencies": {
          "Microsoft.ApplicationInsights": "2.23.0",
          "Microsoft.Testing.Platform": "[2.4.0, 3.0.0)"
        }
      },
      "Microsoft.Testing.Extensions.TrxReport": {
        "type": "Transitive",
        "resolved": "2.3.3",
        "contentHash": "vYBqGSlT94B8d6d4PRdPQ83ogn3kK4kXcnI3SlHBHZu1XsU01IDTMnWoto5v5wXN/Mz4XsVM3Do/sJdGRgH29g==",
        "dependencies": {
          "Microsoft.Testing.Extensions.TrxReport.Abstractions": "2.3.3",
          "Microsoft.Testing.Platform": "2.3.3"
        }
      },
      "Microsoft.Testing.Extensions.TrxReport.Abstractions": {
        "type": "Transitive",
        "resolved": "2.4.0",
        "contentHash": "uRb+4qM42dFDg4kWJZ2kFEcwESNVCRZJjItp5vETorN3rSJGysP617LqYirOcrCYmxg+obPreHMM5JcsNDKtBw==",
        "dependencies": {
          "Microsoft.Testing.Platform": "[2.4.0, 3.0.0)"
        }
      },
      "Microsoft.Testing.Platform": {
        "type": "Transitive",
        "resolved": "2.4.0",
        "contentHash": "dp1N3P1ujb0ztwFgqz2o/ItEvq+pm19/AiA+Xq7Zpcy7oPMcxDBZLYGtf0LlU1MveEBJuKVjZhI+LnkfcH/0jQ=="
      },
      "Microsoft.Testing.Platform.MSBuild": {
        "type": "Transitive",
        "resolved": "2.4.0",
        "contentHash": "qr5M6h16YHMJLFDcWELFVMMpGte2BUmveBZKT5YoBV+bmuJRPu9bv/Zqke4yQuOEKRNxoAETrG5jr+/6Rnr3Hg==",
        "dependencies": {
          "Microsoft.Testing.Platform": "[2.4.0, 3.0.0)"
        }
      },
      "System.IO.Hashing": {
        "type": "Transitive",
        "resolved": "10.0.12",
        "contentHash": "jDix4bBMYnpZdSPcnY+KDV6ik3SRMzpMKby/bZl/XUwIiflwRNAFZ0oOl61R/pSaveIJ8t1gs2BUlrGsPs/bcg=="
      },
      "TUnit.Assertions": {
        "type": "Transitive",
        "resolved": "1.67.0",
        "contentHash": "biroefp6PGtp4fFpWxqHams8EMlGbNLA6iMpsCxX+1UIYizZAnI4rnaalJ2YIfMeKG0KLvqUrX4DXEucDxmLFw=="
      },
      "TUnit.Core": {
        "type": "Transitive",
        "resolved": "1.67.0",
        "contentHash": "S600AHVSaCwyVBYFiKotu8EM9US4lGveVOtOneSAT/9sp4BUexXBwPVUM3+PtjQf/guA12TSB3UFA240Odreeg=="
      },
      "TUnit.Engine": {
        "type": "Transitive",
        "resolved": "1.67.0",
        "contentHash": "fHheNP3TVZZognqNHfF+tnj8G5rNeFwYEtTDxNl+Dn/C9YdEOujfQWAmQP73Z5Qy158cNIc588k5RHvEVVWXZg==",
        "dependencies": {
          "Microsoft.Testing.Extensions.TrxReport.Abstractions": "2.4.0",
          "Microsoft.Testing.Platform": "2.4.0",
          "Microsoft.Testing.Platform.MSBuild": "2.4.0",
          "TUnit.Core": "1.67.0"
        }
      },
      "dotnetquery.blazor": {
        "type": "Project",
        "dependencies": {
          "DotNetQuery.Core": "[1.0.0, )"
        }
      },
      "dotnetquery.blazor.devtools": {
        "type": "Project",
        "dependencies": {
          "DotNetQuery.Core": "[1.0.0, )"
        }
      },
      "dotnetquery.core": {
        "type": "Project",
        "dependencies": {
          "Microsoft.Extensions.Logging.Abstractions": "[10.0.12, )",
          "System.Reactive": "[7.0.0, )"
        }
      },
      "Microsoft.Extensions.DependencyInjection": {
        "type": "CentralTransitive",
        "requested": "[10.0.12, )",
        "resolved": "10.0.10",
        "contentHash": "ANyvsgkNBRvcJh2XLgn8veGmajf+8m0AbKK+HPWdRL1yraSNVVSmQhFntLtdz/C795jxqqup+k05cs/3jZQPOA==",
        "dependencies": {
          "Microsoft.Extensions.DependencyInjection.Abstractions": "10.0.10"
        }
      },
      "Microsoft.Extensions.Logging.Abstractions": {
        "type": "CentralTransitive",
        "requested": "[10.0.12, )",
        "resolved": "10.0.12",
        "contentHash": "+24lC4plfbEDNfLAdTV/SWKS7dW+16X4HdydO3R++134kSNTzcbYA4KpR1Hdh6uWisB8Za3AzwyOn+K+NxWIug==",
        "dependencies": {
          "Microsoft.Extensions.DependencyInjection.Abstractions": "10.0.12"
        }
      },
      "System.Reactive": {
        "type": "CentralTransitive",
        "requested": "[7.0.0, )",
        "resolved": "7.0.0",
        "contentHash": "VYaSP2Kt+45GFnr3q7c/b4awT48VvueOJV4jPjdUXi5MxC9mSUy+HkJYtm8rGZ6fC3tNHG9gBu/YwNAR/FYqhg=="
      }
    },
    "net9.0": {
      "bunit": {
        "type": "Direct",
        "requested": "[2.10.3, )",
        "resolved": "2.10.3",
        "contentHash": "5PF4ATzf/o9T/8nNe1dkGRg24zFRweWLPegZeNOjsKgLzOTX88tzK7xc6ZopUgVTB0JVUxlog7E/g8VVzzZCKw==",
        "dependencies": {
          "AngleSharp": "1.8.0",
          "AngleSharp.Css": "1.1.0",
          "AngleSharp.Diffing": "1.1.1",
          "Microsoft.AspNetCore.Components": "9.0.12",
          "Microsoft.AspNetCore.Components.Authorization": "9.0.12",
          "Microsoft.AspNetCore.Components.Web": "9.0.12",
          "Microsoft.AspNetCore.Components.WebAssembly": "9.0.12",
          "Microsoft.AspNetCore.Components.WebAssembly.Authentication": "9.0.12",
          "Microsoft.Extensions.Caching.Memory": "9.0.12",
          "Microsoft.Extensions.Localization.Abstractions": "9.0.12",
          "Microsoft.Extensions.Logging": "9.0.12",
          "Microsoft.Extensions.Logging.Abstractions": "9.0.12"
        }
      },
      "Microsoft.CodeAnalysis.PublicApiAnalyzers": {
        "type": "Direct",
        "requested": "[5.6.0, )",
        "resolved": "5.6.0",
        "contentHash": "W4kJGezNIKLzo0Ak5FAQDFvkMf2U7DtGL4THmHyRSApfKsKt5V+eX/bU0ZLKAt/uf9Bb2o1bi0YDKj/GRB/vYQ=="
      },
      "Microsoft.SourceLink.GitHub": {
        "type": "Direct",
        "requested": "[10.0.401, )",
        "resolved": "10.0.401",
        "contentHash": "LGmlwgP1Cx37JEWzyjS0o1/+xs/s/e3E2TBSuogI5ePA/9L0pfIfeYX0k5in7Bfcw8Nn2y2sG9jXxydTjiR2Fg==",
        "dependencies": {
          "Microsoft.Build.Tasks.Git": "10.0.401",
          "Microsoft.SourceLink.Common": "10.0.401",
          "System.IO.Hashing": "10.0.12"
        }
      },
      "MinVer": {
        "type": "Direct",
        "requested": "[8.0.0, )",
        "resolved": "8.0.0",
        "contentHash": "AJy/KVjXgUbgjf6HiI8wAk4DSSq0SCmvXQF8aU6IB+pnIQq+YJvofvMczug2hqO8yEvnQY557ryew66KPpyCsA=="
      },
      "TUnit": {
        "type": "Direct",
        "requested": "[1.67.0, )",
        "resolved": "1.67.0",
        "contentHash": "oiEumprzW+JrMky74vBSEaYpwTW6Sds+oWChdSUQDy77NMbAQN0TpsWSnxhL8kdRBPM7+JYwgnGZUHFh9+vHCw==",
        "dependencies": {
          "Microsoft.Testing.Extensions.CodeCoverage": "18.10.0",
          "Microsoft.Testing.Extensions.Telemetry": "2.4.0",
          "Microsoft.Testing.Extensions.TrxReport": "2.3.3",
          "TUnit.Assertions": "1.67.0",
          "TUnit.Engine": "1.67.0"
        }
      },
      "TUnit.Mocks": {
        "type": "Direct",
        "requested": "[1.67.0, )",
        "resolved": "1.67.0",
        "contentHash": "Rkkifr9qgjv0+sx02Rw2M/Guv/q+d/nXSBrTtASQo4p+wWFys1ZsZzODpMyl3m5RtbE/d0nHmFx2emR2xnAqag==",
        "dependencies": {
          "TUnit.Core": "1.67.0"
        }
      },
      "AngleSharp": {
        "type": "Transitive",
        "resolved": "1.8.0",
        "contentHash": "vRW/0M11Jlfd7WkT5Kr0tXXmnWNVdxyII2S2b6AsgZCJEBGaXCUnti6nKIJTvAjmnmKcQbvn+SJ3lpt8dqoLIA=="
      },
      "AngleSharp.Css": {
        "type": "Transitive",
        "resolved": "1.1.0",
        "contentHash": "ZnqL8SGy3rXjnJsoKY4kJ6hq4XPLFh0qtq76YAlEBx3qG/bwBnAwf6i+TzexIrLNjBsHLBVbogsl7OQie7FanQ==",
        "dependencies": {
          "AngleSharp": "[1.5.0, 2.0.0)"
        }
      },
      "AngleSharp.Diffing": {
        "type": "Transitive",
        "resolved": "1.1.1",
        "contentHash": "Uzz5895TpRyMA4t8GExmq4TxXqi3+bZTgb3kJgH+tdwrSuo9CO6Dlmv+Oqyhb2pNRfbnReLUzhlHAuT7c+3jSg==",
        "dependencies": {
          "AngleSharp": "1.1.2",
          "AngleSharp.Css": "1.0.0-beta.144"
        }
      },
      "Microsoft.ApplicationInsights": {
        "type": "Transitive",
        "resolved": "2.23.0",
        "contentHash": "nWArUZTdU7iqZLycLKWe0TDms48KKGE6pONH2terYNa8REXiqixrMOkf1sk5DHGMaUTqONU2YkS4SAXBhLStgw=="
      },
      "Microsoft.AspNetCore.Authorization": {
        "type": "Transitive",
        "resolved": "9.0.12",
        "contentHash": "Cj7gW/geS+AbRTa6gcgnO5IhmmRUsB3x4g3ZRliQxXorPQ5qB0sOAEzdqrC6JxYPXCSl8g2D2B7zH6y3VYz3rg==",
        "dependencies": {
          "Microsoft.AspNetCore.Metadata": "9.0.12",
          "Microsoft.Extensions.Logging.Abstractions": "9.0.12",
          "Microsoft.Extensions.Options": "9.0.12"
        }
      },
      "Microsoft.AspNetCore.Components": {
        "type": "Transitive",
        "resolved": "9.0.12",
        "contentHash": "6w+6wqvUEtu0xHHyaKqWKH/M0D+px6e6rvtGHwQwf089V69R0+bRsfO+NIP6A01I8GBIxMSa925Ep3Sd4V8xYw==",
        "dependencies": {
          "Microsoft.AspNetCore.Authorization": "9.0.12",
          "Microsoft.AspNetCore.Components.Analyzers": "9.0.12"
        }
      },
      "Microsoft.AspNetCore.Components.Analyzers": {
        "type": "Transitive",
        "resolved": "9.0.12",
        "contentHash": "ECXi+5+ZPikY5B0hRj2Fei/+pgZ8rgqb+cyMiLQsLdcaSyQ8nn15afZX7C9CVE3c4ztBpLiGI+pRUQl94fWaFQ=="
      },
      "Microsoft.AspNetCore.Components.Authorization": {
        "type": "Transitive",
        "resolved": "9.0.12",
        "contentHash": "R/2YCLjbWH7+3qwcBG1BTpiGQbHE7DVtJ7fyn+nfSorc1Cab0GttLtODhpURrPg28dM0qxXnFAuTtulUpwCy0Q==",
        "dependencies": {
          "Microsoft.AspNetCore.Authorization": "9.0.12",
          "Microsoft.AspNetCore.Components": "9.0.12"
        }
      },
      "Microsoft.AspNetCore.Components.Forms": {
        "type": "Transitive",
        "resolved": "9.0.12",
        "contentHash": "DUTlhuOEfaVU+SXlij5odl0ResLHjVr2bJGLIcoI9VtpYHggzL+GnCKnONSFpcDqERQ6ONPAtBkBGGjAWrC66g==",
        "dependencies": {
          "Microsoft.AspNetCore.Components": "9.0.12"
        }
      },
      "Microsoft.AspNetCore.Components.Web": {
        "type": "Transitive",
        "resolved": "9.0.12",
        "contentHash": "fjb7uVTNlPUPz8yAAkKHLQIeLv3AMvKGssHvxEFv4cGu2h9P7LdPwqMrR0fKCQh+ZMB02LsPOGJ/iyJGrGXgFQ==",
        "dependencies": {
          "Microsoft.AspNetCore.Components": "9.0.12",
          "Microsoft.AspNetCore.Components.Forms": "9.0.12",
          "Microsoft.Extensions.DependencyInjection": "9.0.12",
          "Microsoft.Extensions.Primitives": "9.0.12",
          "Microsoft.JSInterop": "9.0.12"
        }
      },
      "Microsoft.AspNetCore.Components.WebAssembly": {
        "type": "Transitive",
        "resolved": "9.0.12",
        "contentHash": "mEs0Y0GOZM47KiqDv/LDn6S694N0BL8yIw+d039gX7/3QhkQtfBitSGvNDW+3P2LY//3EZYBOHpTHP8kzFxAKQ==",
        "dependencies": {
          "Microsoft.AspNetCore.Components.Web": "9.0.12",
          "Microsoft.Extensions.Configuration.Binder": "9.0.12",
          "Microsoft.Extensions.Configuration.Json": "9.0.12",
          "Microsoft.Extensions.Logging": "9.0.12",
          "Microsoft.JSInterop.WebAssembly": "9.0.12"
        }
      },
      "Microsoft.AspNetCore.Components.WebAssembly.Authentication": {
        "type": "Transitive",
        "resolved": "9.0.12",
        "contentHash": "S147U+CaU5EvZWP0G5yesNV6gRwrAHZCtgXYQo0GIK05bGizevqVlFieSqP7ZMEckEVD5C9BFfwrPXl5R5y7RA==",
        "dependencies": {
          "Microsoft.AspNetCore.Components.Authorization": "9.0.12",
          "Microsoft.AspNetCore.Components.Web": "9.0.12"
        }
      },
      "Microsoft.AspNetCore.Metadata": {
        "type": "Transitive",
        "resolved": "9.0.12",
        "contentHash": "sGKhQqFrsyzW+6whNmtnvWwS7+miaQe3v5LIe6pu0lQuxT6qE9WRpr2HGcBILL/0LKryCfdL4WIU6eamFu2IcA=="
      },
      "Microsoft.Build.Tasks.Git": {
        "type": "Transitive",
        "resolved": "10.0.401",
        "contentHash": "ZYctNuT10V9IYyCFydy63DXx0ggZQuynuzQOdLvW62dPgzjIz7f0ISEP75RGiq1jFQh8p6TmGSqxeQZQ87LCig==",
        "dependencies": {
          "System.IO.Hashing": "10.0.12"
        }
      },
      "Microsoft.DiaSymReader": {
        "type": "Transitive",
        "resolved": "2.2.10",
        "contentHash": "zmGsm6b2y3STDa/Of7rdkkfTDV8VuGB8aCqIkLoJIQh5tL78K3zJ8OUyFKnfsaORXmGr9iOKwDkZfUjeXi+CwA=="
      },
      "Microsoft.Extensions.Caching.Abstractions": {
        "type": "Transitive",
        "resolved": "9.0.12",
        "contentHash": "+kymyS5Lw2xrdhZ//xW90Bo6T43UpgPtjO9EA7ObcKA8liaBRvV2E3GMtg5O3JgK+d9FeUTyM/S58kLaZg7C8w==",
        "dependencies": {
          "Microsoft.Extensions.Primitives": "9.0.12"
        }
      },
      "Microsoft.Extensions.Caching.Memory": {
        "type": "Transitive",
        "resolved": "9.0.12",
        "contentHash": "dIegtyqhrD+YYzSQJv7Wo/u938l11rIcNGIbh9MSeQSSFh1/CmcgoTTUmU7D/MXFTGC55vVtURuRSAsFmjoNdw==",
        "dependencies": {
          "Microsoft.Extensions.Caching.Abstractions": "9.0.12",
          "Microsoft.Extensions.DependencyInjection.Abstractions": "9.0.12",
          "Microsoft.Extensions.Logging.Abstractions": "9.0.12",
          "Microsoft.Extensions.Options": "9.0.12",
          "Microsoft.Extensions.Primitives": "9.0.12"
        }
      },
      "Microsoft.Extensions.Configuration": {
        "type": "Transitive",
        "resolved": "9.0.12",
        "contentHash": "ATSurHTbvZmw2ITcEyPPrKbtBh5FHA/p9JAMuKbgfurm+U+qPE5KkYHW7NIpayL3/ML3GGPmro1hOozJ/O8VuA==",
        "dependencies": {
          "Microsoft.Extensions.Configuration.Abstractions": "9.0.12",
          "Microsoft.Extensions.Primitives": "9.0.12"
        }
      },
      "Microsoft.Extensions.Configuration.Abstractions": {
        "type": "Transitive",
        "resolved": "9.0.12",
        "contentHash": "7a6T0/caZDhTX1qkXII/2bSdmZt/gqrBkIXlcM9NTelc6lseRR6OPYb8gcy/JA6m4P3tEFd2Tnhr8ke4Jq/wkw==",
        "dependencies": {
          "Microsoft.Extensions.Primitives": "9.0.12"
        }
      },
      "Microsoft.Extensions.Configuration.Binder": {
        "type": "Transitive",
        "resolved": "9.0.12",
        "contentHash": "J0nlmzF3gChGiEkNoSy+1ScAcs2xzZc49x4tfxSX+cuL2aA362qBlDXJzCekBuXwtlcDpfy/2DN3Pol/FkDkcw==",
        "dependencies": {
          "Microsoft.Extensions.Configuration.Abstractions": "9.0.12"
        }
      },
      "Microsoft.Extensions.Configuration.FileExtensions": {
        "type": "Transitive",
        "resolved": "9.0.12",
        "contentHash": "kk7BgI8BtMUJJkcIM4+FqvTinSPETOQEsdOxPw8PkDk1+IAmTbt2SS8efPHQpFUB5P6ZYsFq94Xk64wr5nXrKQ==",
        "dependencies": {
          "Microsoft.Extensions.Configuration": "9.0.12",
          "Microsoft.Extensions.Configuration.Abstractions": "9.0.12",
          "Microsoft.Extensions.FileProviders.Abstractions": "9.0.12",
          "Microsoft.Extensions.FileProviders.Physical": "9.0.12",
          "Microsoft.Extensions.Primitives": "9.0.12"
        }
      },
      "Microsoft.Extensions.Configuration.Json": {
        "type": "Transitive",
        "resolved": "9.0.12",
        "contentHash": "SR53DHSFG7RBEg76a3i37kUBFm7nb6O/74TxRpNcQl0nDYERs5ZC1XNVVFAh5O4CytEDAnzjTBHthJu2IzaoTQ==",
        "dependencies": {
          "Microsoft.Extensions.Configuration": "9.0.12",
          "Microsoft.Extensions.Configuration.Abstractions": "9.0.12",
          "Microsoft.Extensions.Configuration.FileExtensions": "9.0.12",
          "Microsoft.Extensions.FileProviders.Abstractions": "9.0.12"
        }
      },
      "Microsoft.Extensions.DependencyInjection.Abstractions": {
        "type": "Transitive",
        "resolved": "10.0.12",
        "contentHash": "9/qymSh7hVDMGTGwrLz8MRp5zRyXy9adGDOs4HwRdnLil3oZGYuWeZjbmHgCQ9BL1qBroVfgUK3U/nb61617Cw=="
      },
      "Microsoft.Extensions.DependencyModel": {
        "type": "Transitive",
        "resolved": "10.0.10",
        "contentHash": "rfZA1RjR021RPqSmIPovfz2aOd79TGqJ9BengbjnzIISOVwjLmuSDnhCMmiY/1c6iYvGolQ1iNGzkav0u11XEA==",
        "dependencies": {
          "System.Text.Encodings.Web": "10.0.10",
          "System.Text.Json": "10.0.10"
        }
      },
      "Microsoft.Extensions.FileProviders.Abstractions": {
        "type": "Transitive",
        "resolved": "9.0.12",
        "contentHash": "DIRWbcei4olf0EvIqAXJZiXnsaCCq6RP+sADmbz7FDMHAWIG2eEh50BeT/z9VEgmYfly3bXp2UCuS5hf3KK1Zw==",
        "dependencies": {
          "Microsoft.Extensions.Primitives": "9.0.12"
        }
      },
      "Microsoft.Extensions.FileProviders.Physical": {
        "type": "Transitive",
        "resolved": "9.0.12",
        "contentHash": "oN7aRmRus6vrPafRT8aTGbwMMVZnP4UqiiUcmHbWA/iAEA4hmJ2csFoAiymMCk52xyF8lXwDpmo/HZl9i/0Npg==",
        "dependencies": {
          "Microsoft.Extensions.FileProviders.Abstractions": "9.0.12",
          "Microsoft.Extensions.FileSystemGlobbing": "9.0.12",
          "Microsoft.Extensions.Primitives": "9.0.12"
        }
      },
      "Microsoft.Extensions.FileSystemGlobbing": {
        "type": "Transitive",
        "resolved": "9.0.12",
        "contentHash": "mpSVu1bg1WZlhRq2jM5/nPfL/6UrTYqseNx4p8e2idq4eDjX+NmrkLmEsTESBzfCV+0T4gQgOu7PAqZSqy/Lvw=="
      },
      "Microsoft.Extensions.Localization.Abstractions": {
        "type": "Transitive",
        "resolved": "9.0.12",
        "contentHash": "CSOlBof8Jo31QjYu3NqbK9SD1ZF9xFY+uL98ussGuhYvIv/sFG1xa/Fgtv1VD0rHwUr4nIZFcOBFIme2748CTw=="
      },
      "Microsoft.Extensions.Logging": {
        "type": "Transitive",
        "resolved": "9.0.12",
        "contentHash": "4SVZdAe2bJOaE2nj8aY5xQlfz1iDZwxeV992jGn7XafCWmvH7wPlewcv+QqORbww1Aez78nyxspJOEnaa0cU+w==",
        "dependencies": {
          "Microsoft.Extensions.DependencyInjection": "9.0.12",
          "Microsoft.Extensions.Logging.Abstractions": "9.0.12",
          "Microsoft.Extensions.Options": "9.0.12"
        }
      },
      "Microsoft.Extensions.Options": {
        "type": "Transitive",
        "resolved": "9.0.12",
        "contentHash": "KsZEu0AF7dtefqfUG4MsUIWmuvtoQjN+A+Ggi6jp9QdodSEzpV7mBv9WUb43y6fdDoGFu8kBfIkwftgMy0gllw==",
        "dependencies": {
          "Microsoft.Extensions.DependencyInjection.Abstractions": "9.0.12",
          "Microsoft.Extensions.Primitives": "9.0.12"
        }
      },
      "Microsoft.Extensions.Primitives": {
        "type": "Transitive",
        "resolved": "9.0.12",
        "contentHash": "nmGbgxTfuvuEdcQ9NH5DEwAKDKB+c39dAcKQ4+sb8WpGA3pMIgAJfowC+aRH/6gFmdRq2ssRp031Uvv7rTrOMg=="
      },
      "Microsoft.JSInterop": {
        "type": "Transitive",
        "resolved": "9.0.12",
        "contentHash": "aAE153FFedfnrB4Yyt/EkaFDhGycoB5OIlWRWMmembka+IRXFUPcwr2Y6oqHb2JJA7qOet3qbyHYqnZwe17S/Q=="
      },
      "Microsoft.JSInterop.WebAssembly": {
        "type": "Transitive",
        "resolved": "9.0.12",
        "contentHash": "qpEu7Ozuk5VbmSowMuS+pgQk8qKl8kzGyQUMv6fahTFUKUHIB0IGMDqvBCw/M0fEI/hMkPBLbEZER6GW7UO2KA==",
        "dependencies": {
          "Microsoft.JSInterop": "9.0.12"
        }
      },
      "Microsoft.SourceLink.Common": {
        "type": "Transitive",
        "resolved": "10.0.401",
        "contentHash": "u3rLxIwi/9MqDFaWGE/QQgLR1NBEzLOW2lv5+9OrZPDBYIAmFdYSWCWrR1ufpXWOqFn+x02TgKropl/oDuHmgA=="
      },
      "Microsoft.Testing.Extensions.CodeCoverage": {
        "type": "Transitive",
        "resolved": "18.10.0",
        "contentHash": "elUX4tKloHh2VCxagbmhV1039xBuE3lKXITtt/hUYU286hl+ja8poOUsF9OnevKoFKt7+p9vLb1LqqW7rFGi9Q==",
        "dependencies": {
          "Microsoft.DiaSymReader": "2.2.10",
          "Microsoft.Extensions.DependencyModel": "10.0.10",
          "Microsoft.Testing.Platform": "2.3.3",
          "System.IO.Pipelines": "10.0.10",
          "System.Text.Encodings.Web": "10.0.10",
          "System.Text.Json": "10.0.10"
        }
      },
      "Microsoft.Testing.Extensions.Telemetry": {
        "type": "Transitive",
        "resolved": "2.4.0",
        "contentHash": "JeP1RFqBa11fWmBk8xEfZcMKr4rxWSyI6OZ+659V069CaMkTEOQBW2UdSSeNz3absOsygcn7JJkzerC4LGnZ9w==",
        "dependencies": {
          "Microsoft.ApplicationInsights": "2.23.0",
          "Microsoft.Testing.Platform": "[2.4.0, 3.0.0)"
        }
      },
      "Microsoft.Testing.Extensions.TrxReport": {
        "type": "Transitive",
        "resolved": "2.3.3",
        "contentHash": "vYBqGSlT94B8d6d4PRdPQ83ogn3kK4kXcnI3SlHBHZu1XsU01IDTMnWoto5v5wXN/Mz4XsVM3Do/sJdGRgH29g==",
        "dependencies": {
          "Microsoft.Testing.Extensions.TrxReport.Abstractions": "2.3.3",
          "Microsoft.Testing.Platform": "2.3.3"
        }
      },
      "Microsoft.Testing.Extensions.TrxReport.Abstractions": {
        "type": "Transitive",
        "resolved": "2.4.0",
        "contentHash": "uRb+4qM42dFDg4kWJZ2kFEcwESNVCRZJjItp5vETorN3rSJGysP617LqYirOcrCYmxg+obPreHMM5JcsNDKtBw==",
        "dependencies": {
          "Microsoft.Testing.Platform": "[2.4.0, 3.0.0)"
        }
      },
      "Microsoft.Testing.Platform": {
        "type": "Transitive",
        "resolved": "2.4.0",
        "contentHash": "dp1N3P1ujb0ztwFgqz2o/ItEvq+pm19/AiA+Xq7Zpcy7oPMcxDBZLYGtf0LlU1MveEBJuKVjZhI+LnkfcH/0jQ=="
      },
      "Microsoft.Testing.Platform.MSBuild": {
        "type": "Transitive",
        "resolved": "2.4.0",
        "contentHash": "qr5M6h16YHMJLFDcWELFVMMpGte2BUmveBZKT5YoBV+bmuJRPu9bv/Zqke4yQuOEKRNxoAETrG5jr+/6Rnr3Hg==",
        "dependencies": {
          "Microsoft.Testing.Platform": "[2.4.0, 3.0.0)"
        }
      },
      "System.Diagnostics.DiagnosticSource": {
        "type": "Transitive",
        "resolved": "10.0.12",
        "contentHash": "CRZTWYO0rzEcJN/6SuN1kMvQOJT7vyHZ64CCkQs0RRWTj7kH2KMkaMalbsbSI/eg5dS5JAQfQFFuuWgn+XRMsQ=="
      },
      "System.IO.Hashing": {
        "type": "Transitive",
        "resolved": "10.0.12",
        "contentHash": "jDix4bBMYnpZdSPcnY+KDV6ik3SRMzpMKby/bZl/XUwIiflwRNAFZ0oOl61R/pSaveIJ8t1gs2BUlrGsPs/bcg=="
      },
      "System.IO.Pipelines": {
        "type": "Transitive",
        "resolved": "10.0.10",
        "contentHash": "7WX0W96y3dpQdYG4sEGdh38g3/0lOD4/dKbn2rRVOVzKhzoZUn2gKNIKaFeKWs8RCbpFfmmEWsRhSy95hMpvqA=="
      },
      "System.Text.Encodings.Web": {
        "type": "Transitive",
        "resolved": "10.0.10",
        "contentHash": "o16m2YpDN/pjHsnxf9pTGwkpcuvjW8v1/wGUwJtM1c3QZUKm7ZEO/eYRJg7iIx6GxS2Zv9lAMHpiQwHDdgqauA=="
      },
      "System.Text.Json": {
        "type": "Transitive",
        "resolved": "10.0.10",
        "contentHash": "bmsO6UdYtBdtn32zYXfsh7KlyTIzV/3V9hdT9RIb4pXKgYOsNxXR+VbWigNwBtNFVGYGm6Hwmqw5a+/IWFd36Q==",
        "dependencies": {
          "System.IO.Pipelines": "10.0.10",
          "System.Text.Encodings.Web": "10.0.10"
        }
      },
      "TUnit.Assertions": {
        "type": "Transitive",
        "resolved": "1.67.0",
        "contentHash": "biroefp6PGtp4fFpWxqHams8EMlGbNLA6iMpsCxX+1UIYizZAnI4rnaalJ2YIfMeKG0KLvqUrX4DXEucDxmLFw=="
      },
      "TUnit.Core": {
        "type": "Transitive",
        "resolved": "1.67.0",
        "contentHash": "S600AHVSaCwyVBYFiKotu8EM9US4lGveVOtOneSAT/9sp4BUexXBwPVUM3+PtjQf/guA12TSB3UFA240Odreeg=="
      },
      "TUnit.Engine": {
        "type": "Transitive",
        "resolved": "1.67.0",
        "contentHash": "fHheNP3TVZZognqNHfF+tnj8G5rNeFwYEtTDxNl+Dn/C9YdEOujfQWAmQP73Z5Qy158cNIc588k5RHvEVVWXZg==",
        "dependencies": {
          "Microsoft.Testing.Extensions.TrxReport.Abstractions": "2.4.0",
          "Microsoft.Testing.Platform": "2.4.0",
          "Microsoft.Testing.Platform.MSBuild": "2.4.0",
          "TUnit.Core": "1.67.0"
        }
      },
      "dotnetquery.blazor": {
        "type": "Project",
        "dependencies": {
          "DotNetQuery.Core": "[1.0.0, )"
        }
      },
      "dotnetquery.blazor.devtools": {
        "type": "Project",
        "dependencies": {
          "DotNetQuery.Core": "[1.0.0, )"
        }
      },
      "dotnetquery.core": {
        "type": "Project",
        "dependencies": {
          "Microsoft.Extensions.Logging.Abstractions": "[10.0.12, )",
          "System.Reactive": "[7.0.0, )"
        }
      },
      "Microsoft.Extensions.DependencyInjection": {
        "type": "CentralTransitive",
        "requested": "[10.0.12, )",
        "resolved": "9.0.12",
        "contentHash": "Ao81p3RGYdYUMsP4ST5p+DgF/8oLXJUMH8IQyLHb9Whr0JRqbe8+20/y6fUIpiRxe3xFypXlxGoIcwKixVtyfA==",
        "dependencies": {
          "Microsoft.Extensions.DependencyInjection.Abstractions": "9.0.12"
        }
      },
      "Microsoft.Extensions.Logging.Abstractions": {
        "type": "CentralTransitive",
        "requested": "[10.0.12, )",
        "resolved": "10.0.12",
        "contentHash": "+24lC4plfbEDNfLAdTV/SWKS7dW+16X4HdydO3R++134kSNTzcbYA4KpR1Hdh6uWisB8Za3AzwyOn+K+NxWIug==",
        "dependencies": {
          "Microsoft.Extensions.DependencyInjection.Abstractions": "10.0.12",
          "System.Diagnostics.DiagnosticSource": "10.0.12"
        }
      },
      "System.Reactive": {
        "type": "CentralTransitive",
        "requested": "[7.0.0, )",
        "resolved": "7.0.0",
        "contentHash": "VYaSP2Kt+45GFnr3q7c/b4awT48VvueOJV4jPjdUXi5MxC9mSUy+HkJYtm8rGZ6fC3tNHG9gBu/YwNAR/FYqhg=="
      }
    }
  }
}