{
  "version": 2,
  "dependencies": {
    "net10.0": {
      "Microsoft.Reactive.Testing": {
        "type": "Direct",
        "requested": "[6.1.0, )",
        "resolved": "6.1.0",
        "contentHash": "1KLmcpM299ZSA8ZjCbXApM/TVeaJJGZZz8nEJ8SWszf/JYcPqhzeg5s2rhCBIWuSoBaga3lny4EATs4fi/ME5A==",
        "dependencies": {
          "System.Reactive": "6.1.0"
        }
      },
      "Microsoft.SourceLink.GitHub": {
        "type": "Direct",
        "requested": "[10.0.300, )",
        "resolved": "10.0.300",
        "contentHash": "QzCtLkXVb3l4IxcpvJCbzUwMLihAmLN6vVLjQGSzYSF8d2dvXxqJAZk83RV3gYnp2egz8jRMgSR2woY3vOahTA==",
        "dependencies": {
          "Microsoft.Build.Tasks.Git": "10.0.300",
          "Microsoft.SourceLink.Common": "10.0.300",
          "System.IO.Hashing": "10.0.8"
        }
      },
      "MinVer": {
        "type": "Direct",
        "requested": "[7.0.0, )",
        "resolved": "7.0.0",
        "contentHash": "2lMTCQl5bGP4iv0JNkockPnyllC6eHLz+CoK2ICvalvHod+exXSxueu9hq+zNkU7bZBJf8wMfeRC/Edn8AGmEg=="
      },
      "TUnit": {
        "type": "Direct",
        "requested": "[1.56.35, )",
        "resolved": "1.56.35",
        "contentHash": "MIDfuoxsk98sKfipS6aTGddpBcDWL/7LPIvrzzS/meTmQPzNAyFpR0GopHjrBqddlf0O+e92GBSojb6LrFuQRA==",
        "dependencies": {
          "Microsoft.Testing.Extensions.CodeCoverage": "18.8.0",
          "Microsoft.Testing.Extensions.Telemetry": "2.2.3",
          "Microsoft.Testing.Extensions.TrxReport": "2.2.3",
          "TUnit.Assertions": "1.56.35",
          "TUnit.Engine": "1.56.35"
        }
      },
      "TUnit.Mocks": {
        "type": "Direct",
        "requested": "[1.56.35, )",
        "resolved": "1.56.35",
        "contentHash": "Yp42cSJL61f8wxjXB9zlSOheFs+gAXQrn2hx51YUlgM3t4yxKs/aPGLBy9QxpD/0kzHBOvhBUBrjXqRq5KnYDg==",
        "dependencies": {
          "TUnit.Core": "1.56.35"
        }
      },
      "TUnit.Mocks.Logging": {
        "type": "Direct",
        "requested": "[1.56.35, )",
        "resolved": "1.56.35",
        "contentHash": "naFHlJmVz4mz0zltmwK16+3hl81cREv2NKOeLbfa4Swu4mhR9oTNv86BGgctvwzj0FjdTU4JYdif+4cjkX44Sg==",
        "dependencies": {
          "Microsoft.Extensions.Logging.Abstractions": "10.0.9",
          "TUnit.Mocks": "1.56.35"
        }
      },
      "EnumerableAsyncProcessor": {
        "type": "Transitive",
        "resolved": "3.8.4",
        "contentHash": "KlbpupRCz3Kf+P7gsiDvFXJ980i/9lfihMZFmmxIk0Gf6mopEjy74OTJZmdaKDQpE29eQDBnMZB5khyW3eugrg=="
      },
      "Microsoft.ApplicationInsights": {
        "type": "Transitive",
        "resolved": "2.23.0",
        "contentHash": "nWArUZTdU7iqZLycLKWe0TDms48KKGE6pONH2terYNa8REXiqixrMOkf1sk5DHGMaUTqONU2YkS4SAXBhLStgw=="
      },
      "Microsoft.Build.Tasks.Git": {
        "type": "Transitive",
        "resolved": "10.0.300",
        "contentHash": "P0kaQwVZx4xIUe2FtrLyBadYNXuAljttJUPvjBYRuHhPE8L77L42KakLDkaADRiUrGspoLcMwayjrbQhYTr0zA==",
        "dependencies": {
          "System.IO.Hashing": "10.0.8"
        }
      },
      "Microsoft.DiaSymReader": {
        "type": "Transitive",
        "resolved": "2.2.3",
        "contentHash": "bhwzJfzyiJM0nXJyNB7Y9OfsEXyxLdDBHG99soIp5JjnPydwkOaBdRCtRtWgQh3noSLi2cSIZ/wpbHNNE9knxQ=="
      },
      "Microsoft.Extensions.DependencyInjection.Abstractions": {
        "type": "Transitive",
        "resolved": "10.0.9",
        "contentHash": "g41l/30G3K4B/d/L8kjux0+30e27c8D0FVQ/PFCpbekgfDpj9mnDhieP67EqXWvl1EWNeZh2rpR4F5B/jcDOHA=="
      },
      "Microsoft.Extensions.DependencyModel": {
        "type": "Transitive",
        "resolved": "8.0.2",
        "contentHash": "mUBDZZRgZrSyFOsJ2qJJ9fXfqd/kXJwf3AiDoqLD9m6TjY5OO/vLNOb9fb4juC0487eq4hcGN/M2Rh/CKS7QYw=="
      },
      "Microsoft.SourceLink.Common": {
        "type": "Transitive",
        "resolved": "10.0.300",
        "contentHash": "0jlkXaUGjYlWTIVPve5MftjKHnT3SlAtq9BCLV4J9IjdPrxV/+4rMlBSjfr1khG8/GC6KGojjola8E1VvWF0qQ=="
      },
      "Microsoft.Testing.Extensions.CodeCoverage": {
        "type": "Transitive",
        "resolved": "18.8.0",
        "contentHash": "euA4tpkGAkfHznVQrPzXFLNaUhcRCIKPkDmJJB+A2XU9d5ymHLhQ2Do0fGc/Z2y+VFUaNnM6vHhIrb4FW+qhtg==",
        "dependencies": {
          "Microsoft.DiaSymReader": "2.2.3",
          "Microsoft.Extensions.DependencyModel": "8.0.2",
          "Microsoft.Testing.Platform": "2.2.3"
        }
      },
      "Microsoft.Testing.Extensions.Telemetry": {
        "type": "Transitive",
        "resolved": "2.2.3",
        "contentHash": "mLdW+JOR3kXYGTdgR/qc/UZBA0r+eCR2k6bUxTcuDj5w9WdIQ7Lol5MBUU7YOSGd9bs9bvhSYWAptgz0YtQqCA==",
        "dependencies": {
          "Microsoft.ApplicationInsights": "2.23.0",
          "Microsoft.Testing.Platform": "2.2.3"
        }
      },
      "Microsoft.Testing.Extensions.TrxReport": {
        "type": "Transitive",
        "resolved": "2.2.3",
        "contentHash": "9Hot3ty5ZVWHrW40k2NPfD0dCaPwIxj7j7VjujNYwpYkYw9AdbejPHjGNkL/gvUWorauJf5IkeDoUeIbS7LuUg==",
        "dependencies": {
          "Microsoft.Testing.Extensions.TrxReport.Abstractions": "2.2.3",
          "Microsoft.Testing.Platform": "2.2.3"
        }
      },
      "Microsoft.Testing.Extensions.TrxReport.Abstractions": {
        "type": "Transitive",
        "resolved": "2.2.3",
        "contentHash": "hntvxJEkmUAx6C2xXc/PO38DqEQl4rimzOgSvTR1hAMruMid7R4RcXOrzzF33J66gKaN7jRaQ0TMW/nNfaV9jw==",
        "dependencies": {
          "Microsoft.Testing.Platform": "2.2.3"
        }
      },
      "Microsoft.Testing.Platform": {
        "type": "Transitive",
        "resolved": "2.2.3",
        "contentHash": "LhM1/Qoi8Ams5QcD4r3f09CSOono9iQr3NEJQItFtyzWB55nWTgEOsVqXqMWWWIwk3nkPqc+XfnlJmp8xUI5fg=="
      },
      "Microsoft.Testing.Platform.MSBuild": {
        "type": "Transitive",
        "resolved": "2.2.3",
        "contentHash": "Q22jJYJLx4srTinsAuoCskqmzjrBJC8YeGJMHHIcrf1dQeHoEZ7wsqDzTlENkMoke2qfufF7U+9u58nlZunH/Q==",
        "dependencies": {
          "Microsoft.Testing.Platform": "2.2.3"
        }
      },
      "System.IO.Hashing": {
        "type": "Transitive",
        "resolved": "10.0.8",
        "contentHash": "+dJsbPJ3FyUbTZNplFj0RCKePFizmv6ewDV46JE9q/IVH4c3xTCftHfHelLsAKf0jryIPqgMb5GpS0x7TAY3mg=="
      },
      "TUnit.Assertions": {
        "type": "Transitive",
        "resolved": "1.56.35",
        "contentHash": "VMkboWqU/yXm7dI9U4K79gtBxcivtZqcpOh3HsAIpcaJ9ax1iMg/M/MJlmRojKHi7cpBGW4YTQR+FJbPg7DuBg=="
      },
      "TUnit.Core": {
        "type": "Transitive",
        "resolved": "1.56.35",
        "contentHash": "9F6zv7LM+BBPG9Sav7RwQfDNL9E/GTfMzg0gOJEF5+/aRDthW1KicFBxmhoH1eoXPtV/mq6d8IZybxzQ5WRcbg=="
      },
      "TUnit.Engine": {
        "type": "Transitive",
        "resolved": "1.56.35",
        "contentHash": "5mI0jzwiOB/PjIbk0E0pdu7PZCIPlbca9os203wkiDbAPhcsojiduO11MZmBULW51+r/8sYgt6L7MunvHtkfSQ==",
        "dependencies": {
          "EnumerableAsyncProcessor": "3.8.4",
          "Microsoft.Testing.Extensions.TrxReport.Abstractions": "2.2.3",
          "Microsoft.Testing.Platform": "2.2.3",
          "Microsoft.Testing.Platform.MSBuild": "2.2.3",
          "TUnit.Core": "1.56.35"
        }
      },
      "dotnetquery.core": {
        "type": "Project",
        "dependencies": {
          "Microsoft.Extensions.Logging.Abstractions": "[10.0.9, )",
          "System.Reactive": "[6.1.0, )"
        }
      },
      "Microsoft.Extensions.Logging.Abstractions": {
        "type": "CentralTransitive",
        "requested": "[10.0.9, )",
        "resolved": "10.0.9",
        "contentHash": "9S/DFt4cohlMPpzIxjG6kk0L8MuN2vDm9pbMCulxtJzzk82oJHVLBd8vuQxaPskaYQwKqmFmbannf5eoChgjYg==",
        "dependencies": {
          "Microsoft.Extensions.DependencyInjection.Abstractions": "10.0.9"
        }
      },
      "System.Reactive": {
        "type": "CentralTransitive",
        "requested": "[6.1.0, )",
        "resolved": "6.1.0",
        "contentHash": "M5cCC1ZMkZr9jbSQGTHnVkb5TDN67qWCV7AP8TAHdGkvDlu0puT5NzemESNn9+HkYIDpWpocP68/i+/ame2/2w=="
      }
    }
  }
}