{
  "version": 2,
  "dependencies": {
    "net10.0": {
      "Microsoft.Reactive.Testing": {
        "type": "Direct",
        "requested": "[7.0.0, )",
        "resolved": "7.0.0",
        "contentHash": "noVW6VX7u8nxYmajOF/jrLJ435D3Awqr7WdSl1TzVtff6xP3+u38XAUnCUXpKNd4I4mJHMT8jb6fR9L+iernZA==",
        "dependencies": {
          "System.Reactive": "7.0.0",
          "xunit.v3.assert.source": "3.2.2"
        }
      },
      "Microsoft.SourceLink.GitHub": {
        "type": "Direct",
        "requested": "[10.0.301, )",
        "resolved": "10.0.301",
        "contentHash": "S9U9Ye2bylMeDkzdNh+TsbRUNr6rkBORrnXDk45maPIxVvTmHV1SN2/qtZ/6yO7cdWmQv1LHv77yIeG6Q3nvMQ==",
        "dependencies": {
          "Microsoft.Build.Tasks.Git": "10.0.301",
          "Microsoft.SourceLink.Common": "10.0.301",
          "System.IO.Hashing": "10.0.10"
        }
      },
      "MinVer": {
        "type": "Direct",
        "requested": "[7.0.0, )",
        "resolved": "7.0.0",
        "contentHash": "2lMTCQl5bGP4iv0JNkockPnyllC6eHLz+CoK2ICvalvHod+exXSxueu9hq+zNkU7bZBJf8wMfeRC/Edn8AGmEg=="
      },
      "TUnit": {
        "type": "Direct",
        "requested": "[1.58.0, )",
        "resolved": "1.58.0",
        "contentHash": "J6PqaN0o1jDYMJE15WjB7FU71zM25YOeFGasX7+kPOjqW6tRPQZqj6GN5qlL1uNE9+pdVp8GyDvZON9cVEofJg==",
        "dependencies": {
          "Microsoft.Testing.Extensions.CodeCoverage": "18.8.0",
          "Microsoft.Testing.Extensions.Telemetry": "2.2.3",
          "Microsoft.Testing.Extensions.TrxReport": "2.2.3",
          "TUnit.Assertions": "1.58.0",
          "TUnit.Engine": "1.58.0"
        }
      },
      "TUnit.Mocks": {
        "type": "Direct",
        "requested": "[1.58.0, )",
        "resolved": "1.58.0",
        "contentHash": "0XCKudKExK7cw7O0vyhQm7yv4vRbdgWLqNpagcHdXsOGYBAASsj5IRku6brjx/YsukyHRuadWmivfrMYh0DuVw==",
        "dependencies": {
          "TUnit.Core": "1.58.0"
        }
      },
      "TUnit.Mocks.Logging": {
        "type": "Direct",
        "requested": "[1.58.0, )",
        "resolved": "1.58.0",
        "contentHash": "gVYSfnoOqEr4z4yK4d6+jfgmNt77GaXvouAFmwV1ThPwjvaW4qOZCijEcHB2LPCOnaZFAFy957x0IFyhtE5Mfw==",
        "dependencies": {
          "Microsoft.Extensions.Logging.Abstractions": "10.0.9",
          "TUnit.Mocks": "1.58.0"
        }
      },
      "EnumerableAsyncProcessor": {
        "type": "Transitive",
        "resolved": "3.8.4",
        "contentHash": "KlbpupRCz3Kf+P7gsiDvFXJ980i/9lfihMZFmmxIk0Gf6mopEjy74OTJZmdaKDQpE29eQDBnMZB5khyW3eugrg=="
      },
      "Microsoft.ApplicationInsights": {
        "type": "Transitive",
        "resolved": "2.23.0",
        "contentHash": "nWArUZTdU7iqZLycLKWe0TDms48KKGE6pONH2terYNa8REXiqixrMOkf1sk5DHGMaUTqONU2YkS4SAXBhLStgw=="
      },
      "Microsoft.Build.Tasks.Git": {
        "type": "Transitive",
        "resolved": "10.0.301",
        "contentHash": "9Tah8f2BYuXlff9nIsJAeQJcqnijJTXNraIcTOF2f/f9kLmg0HNWPlMemnD6FBLd/UQcE0s9Vze2zCkA6nrZAA==",
        "dependencies": {
          "System.IO.Hashing": "10.0.10"
        }
      },
      "Microsoft.DiaSymReader": {
        "type": "Transitive",
        "resolved": "2.2.3",
        "contentHash": "bhwzJfzyiJM0nXJyNB7Y9OfsEXyxLdDBHG99soIp5JjnPydwkOaBdRCtRtWgQh3noSLi2cSIZ/wpbHNNE9knxQ=="
      },
      "Microsoft.Extensions.DependencyInjection.Abstractions": {
        "type": "Transitive",
        "resolved": "10.0.10",
        "contentHash": "z/2xXlFw2aLGjHyEm6E0tQ+In6VfzQzTrtArbQ2c0TQE16ZbyDCMGPvaUT9I0s8rgy9sRWlU2P9waW37qV04qA=="
      },
      "Microsoft.Extensions.DependencyModel": {
        "type": "Transitive",
        "resolved": "8.0.2",
        "contentHash": "mUBDZZRgZrSyFOsJ2qJJ9fXfqd/kXJwf3AiDoqLD9m6TjY5OO/vLNOb9fb4juC0487eq4hcGN/M2Rh/CKS7QYw=="
      },
      "Microsoft.SourceLink.Common": {
        "type": "Transitive",
        "resolved": "10.0.301",
        "contentHash": "oz44EclJdAYVZcRb9dSbWd+6RaE+8a4j5zdE+O7yw5qPRZZhu3pcpDZ/Moy6pLeIXZqBP1FMd8CSE0sgJAGV0g=="
      },
      "Microsoft.Testing.Extensions.CodeCoverage": {
        "type": "Transitive",
        "resolved": "18.8.0",
        "contentHash": "euA4tpkGAkfHznVQrPzXFLNaUhcRCIKPkDmJJB+A2XU9d5ymHLhQ2Do0fGc/Z2y+VFUaNnM6vHhIrb4FW+qhtg==",
        "dependencies": {
          "Microsoft.DiaSymReader": "2.2.3",
          "Microsoft.Extensions.DependencyModel": "8.0.2",
          "Microsoft.Testing.Platform": "2.2.3"
        }
      },
      "Microsoft.Testing.Extensions.Telemetry": {
        "type": "Transitive",
        "resolved": "2.2.3",
        "contentHash": "mLdW+JOR3kXYGTdgR/qc/UZBA0r+eCR2k6bUxTcuDj5w9WdIQ7Lol5MBUU7YOSGd9bs9bvhSYWAptgz0YtQqCA==",
        "dependencies": {
          "Microsoft.ApplicationInsights": "2.23.0",
          "Microsoft.Testing.Platform": "2.2.3"
        }
      },
      "Microsoft.Testing.Extensions.TrxReport": {
        "type": "Transitive",
        "resolved": "2.2.3",
        "contentHash": "9Hot3ty5ZVWHrW40k2NPfD0dCaPwIxj7j7VjujNYwpYkYw9AdbejPHjGNkL/gvUWorauJf5IkeDoUeIbS7LuUg==",
        "dependencies": {
          "Microsoft.Testing.Extensions.TrxReport.Abstractions": "2.2.3",
          "Microsoft.Testing.Platform": "2.2.3"
        }
      },
      "Microsoft.Testing.Extensions.TrxReport.Abstractions": {
        "type": "Transitive",
        "resolved": "2.2.3",
        "contentHash": "hntvxJEkmUAx6C2xXc/PO38DqEQl4rimzOgSvTR1hAMruMid7R4RcXOrzzF33J66gKaN7jRaQ0TMW/nNfaV9jw==",
        "dependencies": {
          "Microsoft.Testing.Platform": "2.2.3"
        }
      },
      "Microsoft.Testing.Platform": {
        "type": "Transitive",
        "resolved": "2.2.3",
        "contentHash": "LhM1/Qoi8Ams5QcD4r3f09CSOono9iQr3NEJQItFtyzWB55nWTgEOsVqXqMWWWIwk3nkPqc+XfnlJmp8xUI5fg=="
      },
      "Microsoft.Testing.Platform.MSBuild": {
        "type": "Transitive",
        "resolved": "2.2.3",
        "contentHash": "Q22jJYJLx4srTinsAuoCskqmzjrBJC8YeGJMHHIcrf1dQeHoEZ7wsqDzTlENkMoke2qfufF7U+9u58nlZunH/Q==",
        "dependencies": {
          "Microsoft.Testing.Platform": "2.2.3"
        }
      },
      "System.IO.Hashing": {
        "type": "Transitive",
        "resolved": "10.0.10",
        "contentHash": "eE839zyWZD/UBZYzP2lu9fhHX6RWe63/jz3Jxf+JumzO/db+Vc2s7CMiDwxk9ti2NTUft2tdRx31Rw2OjKbecA=="
      },
      "TUnit.Assertions": {
        "type": "Transitive",
        "resolved": "1.58.0",
        "contentHash": "d3eXdaxQWwUxCWSaYVXO+CM3wfNdIcdTMr2QOWsZYq8zb480YBItzAUVRFutEvEEdm5PAU2MX5dESFEzPix9Hg=="
      },
      "TUnit.Core": {
        "type": "Transitive",
        "resolved": "1.58.0",
        "contentHash": "ktHxqXkdxMRZxPDveLgwbp3BcMwifPCd7pla8NhtVXG0743ZGiISNleo8mCQWxyOFST06BvOPzp/GEyPqo0cng=="
      },
      "TUnit.Engine": {
        "type": "Transitive",
        "resolved": "1.58.0",
        "contentHash": "Yihegpz5CaG582bnwt/WRczTkrgue8HzwCkQONVGM0lPLCyWQ6beSq9EHidIQE3GaQs/hNlzeJD1TYW5JPmkIg==",
        "dependencies": {
          "EnumerableAsyncProcessor": "3.8.4",
          "Microsoft.Testing.Extensions.TrxReport.Abstractions": "2.2.3",
          "Microsoft.Testing.Platform": "2.2.3",
          "Microsoft.Testing.Platform.MSBuild": "2.2.3",
          "TUnit.Core": "1.58.0"
        }
      },
      "xunit.v3.assert.source": {
        "type": "Transitive",
        "resolved": "3.2.2",
        "contentHash": "BzEGm0YpipGWMCdGc+/zDLpVaFUAyx6qqvYyA96SL2MynBPplcoemZ7fa+XU2UMCEQNzEp+1hKQuyw2UF8ethA=="
      },
      "dotnetquery.core": {
        "type": "Project",
        "dependencies": {
          "Microsoft.Extensions.Logging.Abstractions": "[10.0.10, )",
          "System.Reactive": "[6.1.0, )"
        }
      },
      "Microsoft.Extensions.Logging.Abstractions": {
        "type": "CentralTransitive",
        "requested": "[10.0.10, )",
        "resolved": "10.0.10",
        "contentHash": "zkFxGYUvdxAvIKTyXHrmW+Sux53D4SezD9dMyZ6hrwwzPQJNuwCRy1f5W7AvYTqacEGhWF2XderRQG1OvbV8og==",
        "dependencies": {
          "Microsoft.Extensions.DependencyInjection.Abstractions": "10.0.10"
        }
      },
      "System.Reactive": {
        "type": "CentralTransitive",
        "requested": "[6.1.0, )",
        "resolved": "7.0.0",
        "contentHash": "VYaSP2Kt+45GFnr3q7c/b4awT48VvueOJV4jPjdUXi5MxC9mSUy+HkJYtm8rGZ6fC3tNHG9gBu/YwNAR/FYqhg=="
      }
    }
  }
}