{
  "version": 2,
  "dependencies": {
    "net10.0": {
      "Microsoft.Reactive.Testing": {
        "type": "Direct",
        "requested": "[7.0.0, )",
        "resolved": "7.0.0",
        "contentHash": "noVW6VX7u8nxYmajOF/jrLJ435D3Awqr7WdSl1TzVtff6xP3+u38XAUnCUXpKNd4I4mJHMT8jb6fR9L+iernZA==",
        "dependencies": {
          "System.Reactive": "7.0.0",
          "xunit.v3.assert.source": "3.2.2"
        }
      },
      "Microsoft.SourceLink.GitHub": {
        "type": "Direct",
        "requested": "[10.0.301, )",
        "resolved": "10.0.301",
        "contentHash": "S9U9Ye2bylMeDkzdNh+TsbRUNr6rkBORrnXDk45maPIxVvTmHV1SN2/qtZ/6yO7cdWmQv1LHv77yIeG6Q3nvMQ==",
        "dependencies": {
          "Microsoft.Build.Tasks.Git": "10.0.301",
          "Microsoft.SourceLink.Common": "10.0.301",
          "System.IO.Hashing": "10.0.10"
        }
      },
      "MinVer": {
        "type": "Direct",
        "requested": "[8.0.0, )",
        "resolved": "8.0.0",
        "contentHash": "AJy/KVjXgUbgjf6HiI8wAk4DSSq0SCmvXQF8aU6IB+pnIQq+YJvofvMczug2hqO8yEvnQY557ryew66KPpyCsA=="
      },
      "TUnit": {
        "type": "Direct",
        "requested": "[1.67.0, )",
        "resolved": "1.67.0",
        "contentHash": "oiEumprzW+JrMky74vBSEaYpwTW6Sds+oWChdSUQDy77NMbAQN0TpsWSnxhL8kdRBPM7+JYwgnGZUHFh9+vHCw==",
        "dependencies": {
          "Microsoft.Testing.Extensions.CodeCoverage": "18.10.0",
          "Microsoft.Testing.Extensions.Telemetry": "2.4.0",
          "Microsoft.Testing.Extensions.TrxReport": "2.3.3",
          "TUnit.Assertions": "1.67.0",
          "TUnit.Engine": "1.67.0"
        }
      },
      "TUnit.Mocks": {
        "type": "Direct",
        "requested": "[1.67.0, )",
        "resolved": "1.67.0",
        "contentHash": "Rkkifr9qgjv0+sx02Rw2M/Guv/q+d/nXSBrTtASQo4p+wWFys1ZsZzODpMyl3m5RtbE/d0nHmFx2emR2xnAqag==",
        "dependencies": {
          "TUnit.Core": "1.67.0"
        }
      },
      "TUnit.Mocks.Logging": {
        "type": "Direct",
        "requested": "[1.67.0, )",
        "resolved": "1.67.0",
        "contentHash": "QD+FYl0pGipYvMHQIKNrP+hAN8wZseYEhYQMLNvEgSbxCv7yN19rxKm6SkLfKHe3AcGlmYpNDSWEYALpziSfMw==",
        "dependencies": {
          "Microsoft.Extensions.Logging.Abstractions": "10.0.12",
          "TUnit.Mocks": "1.67.0"
        }
      },
      "Microsoft.ApplicationInsights": {
        "type": "Transitive",
        "resolved": "2.23.0",
        "contentHash": "nWArUZTdU7iqZLycLKWe0TDms48KKGE6pONH2terYNa8REXiqixrMOkf1sk5DHGMaUTqONU2YkS4SAXBhLStgw=="
      },
      "Microsoft.Build.Tasks.Git": {
        "type": "Transitive",
        "resolved": "10.0.301",
        "contentHash": "9Tah8f2BYuXlff9nIsJAeQJcqnijJTXNraIcTOF2f/f9kLmg0HNWPlMemnD6FBLd/UQcE0s9Vze2zCkA6nrZAA==",
        "dependencies": {
          "System.IO.Hashing": "10.0.10"
        }
      },
      "Microsoft.DiaSymReader": {
        "type": "Transitive",
        "resolved": "2.2.10",
        "contentHash": "zmGsm6b2y3STDa/Of7rdkkfTDV8VuGB8aCqIkLoJIQh5tL78K3zJ8OUyFKnfsaORXmGr9iOKwDkZfUjeXi+CwA=="
      },
      "Microsoft.Extensions.DependencyInjection.Abstractions": {
        "type": "Transitive",
        "resolved": "10.0.12",
        "contentHash": "9/qymSh7hVDMGTGwrLz8MRp5zRyXy9adGDOs4HwRdnLil3oZGYuWeZjbmHgCQ9BL1qBroVfgUK3U/nb61617Cw=="
      },
      "Microsoft.Extensions.DependencyModel": {
        "type": "Transitive",
        "resolved": "10.0.10",
        "contentHash": "rfZA1RjR021RPqSmIPovfz2aOd79TGqJ9BengbjnzIISOVwjLmuSDnhCMmiY/1c6iYvGolQ1iNGzkav0u11XEA=="
      },
      "Microsoft.SourceLink.Common": {
        "type": "Transitive",
        "resolved": "10.0.301",
        "contentHash": "oz44EclJdAYVZcRb9dSbWd+6RaE+8a4j5zdE+O7yw5qPRZZhu3pcpDZ/Moy6pLeIXZqBP1FMd8CSE0sgJAGV0g=="
      },
      "Microsoft.Testing.Extensions.CodeCoverage": {
        "type": "Transitive",
        "resolved": "18.10.0",
        "contentHash": "elUX4tKloHh2VCxagbmhV1039xBuE3lKXITtt/hUYU286hl+ja8poOUsF9OnevKoFKt7+p9vLb1LqqW7rFGi9Q==",
        "dependencies": {
          "Microsoft.DiaSymReader": "2.2.10",
          "Microsoft.Extensions.DependencyModel": "10.0.10",
          "Microsoft.Testing.Platform": "2.3.3"
        }
      },
      "Microsoft.Testing.Extensions.Telemetry": {
        "type": "Transitive",
        "resolved": "2.4.0",
        "contentHash": "JeP1RFqBa11fWmBk8xEfZcMKr4rxWSyI6OZ+659V069CaMkTEOQBW2UdSSeNz3absOsygcn7JJkzerC4LGnZ9w==",
        "dependencies": {
          "Microsoft.ApplicationInsights": "2.23.0",
          "Microsoft.Testing.Platform": "[2.4.0, 3.0.0)"
        }
      },
      "Microsoft.Testing.Extensions.TrxReport": {
        "type": "Transitive",
        "resolved": "2.3.3",
        "contentHash": "vYBqGSlT94B8d6d4PRdPQ83ogn3kK4kXcnI3SlHBHZu1XsU01IDTMnWoto5v5wXN/Mz4XsVM3Do/sJdGRgH29g==",
        "dependencies": {
          "Microsoft.Testing.Extensions.TrxReport.Abstractions": "2.3.3",
          "Microsoft.Testing.Platform": "2.3.3"
        }
      },
      "Microsoft.Testing.Extensions.TrxReport.Abstractions": {
        "type": "Transitive",
        "resolved": "2.4.0",
        "contentHash": "uRb+4qM42dFDg4kWJZ2kFEcwESNVCRZJjItp5vETorN3rSJGysP617LqYirOcrCYmxg+obPreHMM5JcsNDKtBw==",
        "dependencies": {
          "Microsoft.Testing.Platform": "[2.4.0, 3.0.0)"
        }
      },
      "Microsoft.Testing.Platform": {
        "type": "Transitive",
        "resolved": "2.4.0",
        "contentHash": "dp1N3P1ujb0ztwFgqz2o/ItEvq+pm19/AiA+Xq7Zpcy7oPMcxDBZLYGtf0LlU1MveEBJuKVjZhI+LnkfcH/0jQ=="
      },
      "Microsoft.Testing.Platform.MSBuild": {
        "type": "Transitive",
        "resolved": "2.4.0",
        "contentHash": "qr5M6h16YHMJLFDcWELFVMMpGte2BUmveBZKT5YoBV+bmuJRPu9bv/Zqke4yQuOEKRNxoAETrG5jr+/6Rnr3Hg==",
        "dependencies": {
          "Microsoft.Testing.Platform": "[2.4.0, 3.0.0)"
        }
      },
      "System.IO.Hashing": {
        "type": "Transitive",
        "resolved": "10.0.10",
        "contentHash": "eE839zyWZD/UBZYzP2lu9fhHX6RWe63/jz3Jxf+JumzO/db+Vc2s7CMiDwxk9ti2NTUft2tdRx31Rw2OjKbecA=="
      },
      "TUnit.Assertions": {
        "type": "Transitive",
        "resolved": "1.67.0",
        "contentHash": "biroefp6PGtp4fFpWxqHams8EMlGbNLA6iMpsCxX+1UIYizZAnI4rnaalJ2YIfMeKG0KLvqUrX4DXEucDxmLFw=="
      },
      "TUnit.Core": {
        "type": "Transitive",
        "resolved": "1.67.0",
        "contentHash": "S600AHVSaCwyVBYFiKotu8EM9US4lGveVOtOneSAT/9sp4BUexXBwPVUM3+PtjQf/guA12TSB3UFA240Odreeg=="
      },
      "TUnit.Engine": {
        "type": "Transitive",
        "resolved": "1.67.0",
        "contentHash": "fHheNP3TVZZognqNHfF+tnj8G5rNeFwYEtTDxNl+Dn/C9YdEOujfQWAmQP73Z5Qy158cNIc588k5RHvEVVWXZg==",
        "dependencies": {
          "Microsoft.Testing.Extensions.TrxReport.Abstractions": "2.4.0",
          "Microsoft.Testing.Platform": "2.4.0",
          "Microsoft.Testing.Platform.MSBuild": "2.4.0",
          "TUnit.Core": "1.67.0"
        }
      },
      "xunit.v3.assert.source": {
        "type": "Transitive",
        "resolved": "3.2.2",
        "contentHash": "BzEGm0YpipGWMCdGc+/zDLpVaFUAyx6qqvYyA96SL2MynBPplcoemZ7fa+XU2UMCEQNzEp+1hKQuyw2UF8ethA=="
      },
      "dotnetquery.core": {
        "type": "Project",
        "dependencies": {
          "Microsoft.Extensions.Logging.Abstractions": "[10.0.10, )",
          "System.Reactive": "[6.1.0, )"
        }
      },
      "Microsoft.Extensions.Logging.Abstractions": {
        "type": "CentralTransitive",
        "requested": "[10.0.10, )",
        "resolved": "10.0.12",
        "contentHash": "+24lC4plfbEDNfLAdTV/SWKS7dW+16X4HdydO3R++134kSNTzcbYA4KpR1Hdh6uWisB8Za3AzwyOn+K+NxWIug==",
        "dependencies": {
          "Microsoft.Extensions.DependencyInjection.Abstractions": "10.0.12"
        }
      },
      "System.Reactive": {
        "type": "CentralTransitive",
        "requested": "[6.1.0, )",
        "resolved": "7.0.0",
        "contentHash": "VYaSP2Kt+45GFnr3q7c/b4awT48VvueOJV4jPjdUXi5MxC9mSUy+HkJYtm8rGZ6fC3tNHG9gBu/YwNAR/FYqhg=="
      }
    }
  }
}